
Microsoft Visual Studio Solution File, Format Version 12.00
# Visual Studio 15
VisualStudioVersion = 15.0.27130.2036
MinimumVisualStudioVersion = 10.0.40219.1
Project("{8BC9CEB8-8B4A-11D0-8D11-00A0C91BC942}") = "SoftwareSerialExample", "SoftwareSerialExample\SoftwareSerialExample.vcxproj", "{C166B0E8-46C2-44EF-BCB0-EEC99E965AD0}"
EndProject
Project("{2150E333-8FDC-42A3-9474-1A3956D46DE8}") = "Utils and Samples", "Utils and Samples", "{1EF864A1-9B49-437D-8AA5-A89FAF41BA4E}"
EndProject
Project("{8BC9CEB8-8B4A-11D0-8D11-00A0C91BC942}") = "EEPROM_CRC", "EEPROM_CRC\EEPROM_CRC.vcxproj", "{C5F80730-F44F-4478-BDAE-6634EFC2CA88}"
EndProject
Project("{8BC9CEB8-8B4A-11D0-8D11-00A0C91BC942}") = "DFM-MS", "DFM-MS\DFM-MS.vcxproj", "{5530B19C-EDF4-49BA-AF65-910025372CAD}"
EndProject
Project("{8BC9CEB8-8B4A-11D0-8D11-00A0C91BC942}") = "HTU21D", "HTU21D\HTU21D.vcxproj", "{5C27B627-F048-4628-AB26-BB51F9038DD1}"
EndProject
Project("{8BC9CEB8-8B4A-11D0-8D11-00A0C91BC942}") = "SoftwareSerial", "SoftwareSerial\SoftwareSerial.vcxproj", "{448843BD-0261-4BD7-B193-3D0B46795B31}"
EndProject
Project("{8BC9CEB8-8B4A-11D0-8D11-00A0C91BC942}") = "DallasTemperature", "DallasTemperature\DallasTemperature.vcxproj", "{62456661-87E5-494D-9414-CD85E18FCD33}"
EndProject
Project("{8BC9CEB8-8B4A-11D0-8D11-00A0C91BC942}") = "ExtInterrupt", "ExtInterrupt\ExtInterrupt.vcxproj", "{8CEC0D4E-2D43-4571-AAB9-C7EAB78F5FBD}"
EndProject
Project("{8BC9CEB8-8B4A-11D0-8D11-00A0C91BC942}") = "ConsoleApplication", "ConsoleApplication\ConsoleApplication.vcxproj", "{65F0C69A-8CDE-47F9-A302-14891D6AEAFC}"
EndProject
Project("{8BC9CEB8-8B4A-11D0-8D11-00A0C91BC942}") = "PowerInput", "PowerInput\PowerInput.vcxproj", "{1544A09C-20E2-4626-AA41-A084B1191600}"
EndProject
Project("{8BC9CEB8-8B4A-11D0-8D11-00A0C91BC942}") = "ExtInterruptGen", "ExtInterruptGen\ExtInterruptGen.vcxproj", "{89F02852-8F41-4184-8ACB-B9EA3BB7DFBE}"
EndProject
Project("{8BC9CEB8-8B4A-11D0-8D11-00A0C91BC942}") = "GPS_Test", "GPS_Test\GPS_Test.vcxproj", "{573C702F-0E7C-4D8B-9A49-F5848BAB4BD8}"
EndProject
Project("{8BC9CEB8-8B4A-11D0-8D11-00A0C91BC942}") = "DHTtester", "..\..\Arduino\My Examples\131638095635590403\DHTtester\DHTtester.vcxproj", "{26B765D1-3767-4BCC-AE7D-D764FED75B51}"
EndProject
Global
	GlobalSection(SolutionConfigurationPlatforms) = preSolution
		Debug|x64 = Debug|x64
		Debug|x86 = Debug|x86
		Release|x64 = Release|x64
		Release|x86 = Release|x86
	EndGlobalSection
	GlobalSection(ProjectConfigurationPlatforms) = postSolution
		{C166B0E8-46C2-44EF-BCB0-EEC99E965AD0}.Debug|x64.ActiveCfg = Debug|Win32
		{C166B0E8-46C2-44EF-BCB0-EEC99E965AD0}.Debug|x86.ActiveCfg = Debug|Win32
		{C166B0E8-46C2-44EF-BCB0-EEC99E965AD0}.Debug|x86.Build.0 = Debug|Win32
		{C166B0E8-46C2-44EF-BCB0-EEC99E965AD0}.Release|x64.ActiveCfg = Release|Win32
		{C166B0E8-46C2-44EF-BCB0-EEC99E965AD0}.Release|x86.ActiveCfg = Release|Win32
		{C166B0E8-46C2-44EF-BCB0-EEC99E965AD0}.Release|x86.Build.0 = Release|Win32
		{C5F80730-F44F-4478-BDAE-6634EFC2CA88}.Debug|x64.ActiveCfg = Debug|Win32
		{C5F80730-F44F-4478-BDAE-6634EFC2CA88}.Debug|x86.ActiveCfg = Debug|Win32
		{C5F80730-F44F-4478-BDAE-6634EFC2CA88}.Debug|x86.Build.0 = Debug|Win32
		{C5F80730-F44F-4478-BDAE-6634EFC2CA88}.Release|x64.ActiveCfg = Release|Win32
		{C5F80730-F44F-4478-BDAE-6634EFC2CA88}.Release|x86.ActiveCfg = Release|Win32
		{C5F80730-F44F-4478-BDAE-6634EFC2CA88}.Release|x86.Build.0 = Release|Win32
		{5530B19C-EDF4-49BA-AF65-910025372CAD}.Debug|x64.ActiveCfg = Debug|Win32
		{5530B19C-EDF4-49BA-AF65-910025372CAD}.Debug|x86.ActiveCfg = Debug|Win32
		{5530B19C-EDF4-49BA-AF65-910025372CAD}.Debug|x86.Build.0 = Debug|Win32
		{5530B19C-EDF4-49BA-AF65-910025372CAD}.Release|x64.ActiveCfg = Release|Win32
		{5530B19C-EDF4-49BA-AF65-910025372CAD}.Release|x86.ActiveCfg = Release|Win32
		{5530B19C-EDF4-49BA-AF65-910025372CAD}.Release|x86.Build.0 = Release|Win32
		{5C27B627-F048-4628-AB26-BB51F9038DD1}.Debug|x64.ActiveCfg = Debug|Win32
		{5C27B627-F048-4628-AB26-BB51F9038DD1}.Debug|x86.ActiveCfg = Debug|Win32
		{5C27B627-F048-4628-AB26-BB51F9038DD1}.Debug|x86.Build.0 = Debug|Win32
		{5C27B627-F048-4628-AB26-BB51F9038DD1}.Release|x64.ActiveCfg = Release|Win32
		{5C27B627-F048-4628-AB26-BB51F9038DD1}.Release|x86.ActiveCfg = Release|Win32
		{5C27B627-F048-4628-AB26-BB51F9038DD1}.Release|x86.Build.0 = Release|Win32
		{448843BD-0261-4BD7-B193-3D0B46795B31}.Debug|x64.ActiveCfg = Debug|Win32
		{448843BD-0261-4BD7-B193-3D0B46795B31}.Debug|x86.ActiveCfg = Debug|Win32
		{448843BD-0261-4BD7-B193-3D0B46795B31}.Debug|x86.Build.0 = Debug|Win32
		{448843BD-0261-4BD7-B193-3D0B46795B31}.Release|x64.ActiveCfg = Release|Win32
		{448843BD-0261-4BD7-B193-3D0B46795B31}.Release|x86.ActiveCfg = Release|Win32
		{448843BD-0261-4BD7-B193-3D0B46795B31}.Release|x86.Build.0 = Release|Win32
		{62456661-87E5-494D-9414-CD85E18FCD33}.Debug|x64.ActiveCfg = Debug|Win32
		{62456661-87E5-494D-9414-CD85E18FCD33}.Debug|x86.ActiveCfg = Debug|Win32
		{62456661-87E5-494D-9414-CD85E18FCD33}.Debug|x86.Build.0 = Debug|Win32
		{62456661-87E5-494D-9414-CD85E18FCD33}.Release|x64.ActiveCfg = Release|Win32
		{62456661-87E5-494D-9414-CD85E18FCD33}.Release|x86.ActiveCfg = Release|Win32
		{62456661-87E5-494D-9414-CD85E18FCD33}.Release|x86.Build.0 = Release|Win32
		{8CEC0D4E-2D43-4571-AAB9-C7EAB78F5FBD}.Debug|x64.ActiveCfg = Debug|Win32
		{8CEC0D4E-2D43-4571-AAB9-C7EAB78F5FBD}.Debug|x86.ActiveCfg = Debug|Win32
		{8CEC0D4E-2D43-4571-AAB9-C7EAB78F5FBD}.Debug|x86.Build.0 = Debug|Win32
		{8CEC0D4E-2D43-4571-AAB9-C7EAB78F5FBD}.Release|x64.ActiveCfg = Release|Win32
		{8CEC0D4E-2D43-4571-AAB9-C7EAB78F5FBD}.Release|x86.ActiveCfg = Release|Win32
		{8CEC0D4E-2D43-4571-AAB9-C7EAB78F5FBD}.Release|x86.Build.0 = Release|Win32
		{65F0C69A-8CDE-47F9-A302-14891D6AEAFC}.Debug|x64.ActiveCfg = Debug|x64
		{65F0C69A-8CDE-47F9-A302-14891D6AEAFC}.Debug|x64.Build.0 = Debug|x64
		{65F0C69A-8CDE-47F9-A302-14891D6AEAFC}.Debug|x86.ActiveCfg = Debug|Win32
		{65F0C69A-8CDE-47F9-A302-14891D6AEAFC}.Debug|x86.Build.0 = Debug|Win32
		{65F0C69A-8CDE-47F9-A302-14891D6AEAFC}.Release|x64.ActiveCfg = Release|x64
		{65F0C69A-8CDE-47F9-A302-14891D6AEAFC}.Release|x64.Build.0 = Release|x64
		{65F0C69A-8CDE-47F9-A302-14891D6AEAFC}.Release|x86.ActiveCfg = Release|Win32
		{65F0C69A-8CDE-47F9-A302-14891D6AEAFC}.Release|x86.Build.0 = Release|Win32
		{1544A09C-20E2-4626-AA41-A084B1191600}.Debug|x64.ActiveCfg = Debug|Win32
		{1544A09C-20E2-4626-AA41-A084B1191600}.Debug|x86.ActiveCfg = Debug|Win32
		{1544A09C-20E2-4626-AA41-A084B1191600}.Debug|x86.Build.0 = Debug|Win32
		{1544A09C-20E2-4626-AA41-A084B1191600}.Release|x64.ActiveCfg = Release|Win32
		{1544A09C-20E2-4626-AA41-A084B1191600}.Release|x86.ActiveCfg = Release|Win32
		{1544A09C-20E2-4626-AA41-A084B1191600}.Release|x86.Build.0 = Release|Win32
		{89F02852-8F41-4184-8ACB-B9EA3BB7DFBE}.Debug|x64.ActiveCfg = Debug|Win32
		{89F02852-8F41-4184-8ACB-B9EA3BB7DFBE}.Debug|x86.ActiveCfg = Debug|Win32
		{89F02852-8F41-4184-8ACB-B9EA3BB7DFBE}.Debug|x86.Build.0 = Debug|Win32
		{89F02852-8F41-4184-8ACB-B9EA3BB7DFBE}.Release|x64.ActiveCfg = Release|Win32
		{89F02852-8F41-4184-8ACB-B9EA3BB7DFBE}.Release|x86.ActiveCfg = Release|Win32
		{89F02852-8F41-4184-8ACB-B9EA3BB7DFBE}.Release|x86.Build.0 = Release|Win32
		{573C702F-0E7C-4D8B-9A49-F5848BAB4BD8}.Debug|x64.ActiveCfg = Debug|Win32
		{573C702F-0E7C-4D8B-9A49-F5848BAB4BD8}.Debug|x86.ActiveCfg = Debug|Win32
		{573C702F-0E7C-4D8B-9A49-F5848BAB4BD8}.Debug|x86.Build.0 = Debug|Win32
		{573C702F-0E7C-4D8B-9A49-F5848BAB4BD8}.Release|x64.ActiveCfg = Release|Win32
		{573C702F-0E7C-4D8B-9A49-F5848BAB4BD8}.Release|x86.ActiveCfg = Release|Win32
		{573C702F-0E7C-4D8B-9A49-F5848BAB4BD8}.Release|x86.Build.0 = Release|Win32
		{26B765D1-3767-4BCC-AE7D-D764FED75B51}.Debug|x64.ActiveCfg = Debug|Win32
		{26B765D1-3767-4BCC-AE7D-D764FED75B51}.Debug|x86.ActiveCfg = Debug|Win32
		{26B765D1-3767-4BCC-AE7D-D764FED75B51}.Debug|x86.Build.0 = Debug|Win32
		{26B765D1-3767-4BCC-AE7D-D764FED75B51}.Release|x64.ActiveCfg = Release|Win32
		{26B765D1-3767-4BCC-AE7D-D764FED75B51}.Release|x86.ActiveCfg = Release|Win32
		{26B765D1-3767-4BCC-AE7D-D764FED75B51}.Release|x86.Build.0 = Release|Win32
	EndGlobalSection
	GlobalSection(SolutionProperties) = preSolution
		HideSolutionNode = FALSE
	EndGlobalSection
	GlobalSection(NestedProjects) = preSolution
		{C166B0E8-46C2-44EF-BCB0-EEC99E965AD0} = {1EF864A1-9B49-437D-8AA5-A89FAF41BA4E}
		{C5F80730-F44F-4478-BDAE-6634EFC2CA88} = {1EF864A1-9B49-437D-8AA5-A89FAF41BA4E}
		{5C27B627-F048-4628-AB26-BB51F9038DD1} = {1EF864A1-9B49-437D-8AA5-A89FAF41BA4E}
		{448843BD-0261-4BD7-B193-3D0B46795B31} = {1EF864A1-9B49-437D-8AA5-A89FAF41BA4E}
		{62456661-87E5-494D-9414-CD85E18FCD33} = {1EF864A1-9B49-437D-8AA5-A89FAF41BA4E}
		{8CEC0D4E-2D43-4571-AAB9-C7EAB78F5FBD} = {1EF864A1-9B49-437D-8AA5-A89FAF41BA4E}
		{65F0C69A-8CDE-47F9-A302-14891D6AEAFC} = {1EF864A1-9B49-437D-8AA5-A89FAF41BA4E}
		{1544A09C-20E2-4626-AA41-A084B1191600} = {1EF864A1-9B49-437D-8AA5-A89FAF41BA4E}
		{89F02852-8F41-4184-8ACB-B9EA3BB7DFBE} = {1EF864A1-9B49-437D-8AA5-A89FAF41BA4E}
		{573C702F-0E7C-4D8B-9A49-F5848BAB4BD8} = {1EF864A1-9B49-437D-8AA5-A89FAF41BA4E}
		{26B765D1-3767-4BCC-AE7D-D764FED75B51} = {1EF864A1-9B49-437D-8AA5-A89FAF41BA4E}
	EndGlobalSection
	GlobalSection(ExtensibilityGlobals) = postSolution
		SolutionGuid = {B7BAF632-EF3E-4027-994D-82B2B3E3CCD8}
	EndGlobalSection
EndGlobal
