
Microsoft Visual Studio Solution File, Format Version 12.00
# Visual Studio 15
VisualStudioVersion = 15.0.26430.4
MinimumVisualStudioVersion = 10.0.40219.1
Project("{8BC9CEB8-8B4A-11D0-8D11-00A0C91BC942}") = "SoftwareSerialExample", "SoftwareSerialExample\SoftwareSerialExample.vcxproj", "{C166B0E8-46C2-44EF-BCB0-EEC99E965AD0}"
EndProject
Project("{8BC9CEB8-8B4A-11D0-8D11-00A0C91BC942}") = "DSTemperatureSensor", "DSTemperatureSensor\DSTemperatureSensor.vcxproj", "{D9B17129-3D7E-4356-B91D-285B78DCDFEC}"
EndProject
Project("{8BC9CEB8-8B4A-11D0-8D11-00A0C91BC942}") = "ExternalInterrupt", "ExternalInterrupt\ExternalInterrupt.vcxproj", "{7E1C4F85-721F-42D2-80A6-A11CAF522E6F}"
EndProject
Project("{2150E333-8FDC-42A3-9474-1A3956D46DE8}") = "Utils and Samples", "Utils and Samples", "{1EF864A1-9B49-437D-8AA5-A89FAF41BA4E}"
EndProject
Project("{8BC9CEB8-8B4A-11D0-8D11-00A0C91BC942}") = "EEPROM_CRC", "EEPROM_CRC\EEPROM_CRC.vcxproj", "{C5F80730-F44F-4478-BDAE-6634EFC2CA88}"
EndProject
Project("{8BC9CEB8-8B4A-11D0-8D11-00A0C91BC942}") = "ConsoleApplication1", "ConsoleApplication1\ConsoleApplication1.vcxproj", "{D96491AD-8BC2-4A76-BA3C-DFFA3FB802C2}"
EndProject
Project("{8BC9CEB8-8B4A-11D0-8D11-00A0C91BC942}") = "DFM-MS", "DFM-MS\DFM-MS.vcxproj", "{5530B19C-EDF4-49BA-AF65-910025372CAD}"
EndProject
Project("{8BC9CEB8-8B4A-11D0-8D11-00A0C91BC942}") = "AnalogInputPin", "AnalogInputPin\AnalogInputPin.vcxproj", "{A3DA9509-F296-431D-B0CA-0C3215723B19}"
EndProject
Project("{8BC9CEB8-8B4A-11D0-8D11-00A0C91BC942}") = "HTU21D", "HTU21D\HTU21D.vcxproj", "{5C27B627-F048-4628-AB26-BB51F9038DD1}"
EndProject
Global
	GlobalSection(SolutionConfigurationPlatforms) = preSolution
		Debug|x64 = Debug|x64
		Debug|x86 = Debug|x86
		Release|x64 = Release|x64
		Release|x86 = Release|x86
	EndGlobalSection
	GlobalSection(ProjectConfigurationPlatforms) = postSolution
		{C166B0E8-46C2-44EF-BCB0-EEC99E965AD0}.Debug|x64.ActiveCfg = Debug|Win32
		{C166B0E8-46C2-44EF-BCB0-EEC99E965AD0}.Debug|x86.ActiveCfg = Debug|Win32
		{C166B0E8-46C2-44EF-BCB0-EEC99E965AD0}.Debug|x86.Build.0 = Debug|Win32
		{C166B0E8-46C2-44EF-BCB0-EEC99E965AD0}.Release|x64.ActiveCfg = Release|Win32
		{C166B0E8-46C2-44EF-BCB0-EEC99E965AD0}.Release|x86.ActiveCfg = Release|Win32
		{C166B0E8-46C2-44EF-BCB0-EEC99E965AD0}.Release|x86.Build.0 = Release|Win32
		{D9B17129-3D7E-4356-B91D-285B78DCDFEC}.Debug|x64.ActiveCfg = Debug|Win32
		{D9B17129-3D7E-4356-B91D-285B78DCDFEC}.Debug|x86.ActiveCfg = Debug|Win32
		{D9B17129-3D7E-4356-B91D-285B78DCDFEC}.Debug|x86.Build.0 = Debug|Win32
		{D9B17129-3D7E-4356-B91D-285B78DCDFEC}.Release|x64.ActiveCfg = Release|Win32
		{D9B17129-3D7E-4356-B91D-285B78DCDFEC}.Release|x86.ActiveCfg = Release|Win32
		{D9B17129-3D7E-4356-B91D-285B78DCDFEC}.Release|x86.Build.0 = Release|Win32
		{7E1C4F85-721F-42D2-80A6-A11CAF522E6F}.Debug|x64.ActiveCfg = Debug|Win32
		{7E1C4F85-721F-42D2-80A6-A11CAF522E6F}.Debug|x86.ActiveCfg = Debug|Win32
		{7E1C4F85-721F-42D2-80A6-A11CAF522E6F}.Debug|x86.Build.0 = Debug|Win32
		{7E1C4F85-721F-42D2-80A6-A11CAF522E6F}.Release|x64.ActiveCfg = Release|Win32
		{7E1C4F85-721F-42D2-80A6-A11CAF522E6F}.Release|x86.ActiveCfg = Release|Win32
		{7E1C4F85-721F-42D2-80A6-A11CAF522E6F}.Release|x86.Build.0 = Release|Win32
		{C5F80730-F44F-4478-BDAE-6634EFC2CA88}.Debug|x64.ActiveCfg = Debug|Win32
		{C5F80730-F44F-4478-BDAE-6634EFC2CA88}.Debug|x86.ActiveCfg = Debug|Win32
		{C5F80730-F44F-4478-BDAE-6634EFC2CA88}.Debug|x86.Build.0 = Debug|Win32
		{C5F80730-F44F-4478-BDAE-6634EFC2CA88}.Release|x64.ActiveCfg = Release|Win32
		{C5F80730-F44F-4478-BDAE-6634EFC2CA88}.Release|x86.ActiveCfg = Release|Win32
		{C5F80730-F44F-4478-BDAE-6634EFC2CA88}.Release|x86.Build.0 = Release|Win32
		{D96491AD-8BC2-4A76-BA3C-DFFA3FB802C2}.Debug|x64.ActiveCfg = Debug|x64
		{D96491AD-8BC2-4A76-BA3C-DFFA3FB802C2}.Debug|x64.Build.0 = Debug|x64
		{D96491AD-8BC2-4A76-BA3C-DFFA3FB802C2}.Debug|x86.ActiveCfg = Debug|Win32
		{D96491AD-8BC2-4A76-BA3C-DFFA3FB802C2}.Debug|x86.Build.0 = Debug|Win32
		{D96491AD-8BC2-4A76-BA3C-DFFA3FB802C2}.Release|x64.ActiveCfg = Release|x64
		{D96491AD-8BC2-4A76-BA3C-DFFA3FB802C2}.Release|x64.Build.0 = Release|x64
		{D96491AD-8BC2-4A76-BA3C-DFFA3FB802C2}.Release|x86.ActiveCfg = Release|Win32
		{D96491AD-8BC2-4A76-BA3C-DFFA3FB802C2}.Release|x86.Build.0 = Release|Win32
		{5530B19C-EDF4-49BA-AF65-910025372CAD}.Debug|x64.ActiveCfg = Debug|Win32
		{5530B19C-EDF4-49BA-AF65-910025372CAD}.Debug|x86.ActiveCfg = Debug|Win32
		{5530B19C-EDF4-49BA-AF65-910025372CAD}.Debug|x86.Build.0 = Debug|Win32
		{5530B19C-EDF4-49BA-AF65-910025372CAD}.Release|x64.ActiveCfg = Release|Win32
		{5530B19C-EDF4-49BA-AF65-910025372CAD}.Release|x86.ActiveCfg = Release|Win32
		{5530B19C-EDF4-49BA-AF65-910025372CAD}.Release|x86.Build.0 = Release|Win32
		{A3DA9509-F296-431D-B0CA-0C3215723B19}.Debug|x64.ActiveCfg = Debug|Win32
		{A3DA9509-F296-431D-B0CA-0C3215723B19}.Debug|x86.ActiveCfg = Debug|Win32
		{A3DA9509-F296-431D-B0CA-0C3215723B19}.Debug|x86.Build.0 = Debug|Win32
		{A3DA9509-F296-431D-B0CA-0C3215723B19}.Release|x64.ActiveCfg = Release|Win32
		{A3DA9509-F296-431D-B0CA-0C3215723B19}.Release|x86.ActiveCfg = Release|Win32
		{A3DA9509-F296-431D-B0CA-0C3215723B19}.Release|x86.Build.0 = Release|Win32
		{5C27B627-F048-4628-AB26-BB51F9038DD1}.Debug|x64.ActiveCfg = Debug|Win32
		{5C27B627-F048-4628-AB26-BB51F9038DD1}.Debug|x86.ActiveCfg = Debug|Win32
		{5C27B627-F048-4628-AB26-BB51F9038DD1}.Debug|x86.Build.0 = Debug|Win32
		{5C27B627-F048-4628-AB26-BB51F9038DD1}.Release|x64.ActiveCfg = Release|Win32
		{5C27B627-F048-4628-AB26-BB51F9038DD1}.Release|x86.ActiveCfg = Release|Win32
		{5C27B627-F048-4628-AB26-BB51F9038DD1}.Release|x86.Build.0 = Release|Win32
	EndGlobalSection
	GlobalSection(SolutionProperties) = preSolution
		HideSolutionNode = FALSE
	EndGlobalSection
	GlobalSection(NestedProjects) = preSolution
		{C166B0E8-46C2-44EF-BCB0-EEC99E965AD0} = {1EF864A1-9B49-437D-8AA5-A89FAF41BA4E}
		{D9B17129-3D7E-4356-B91D-285B78DCDFEC} = {1EF864A1-9B49-437D-8AA5-A89FAF41BA4E}
		{7E1C4F85-721F-42D2-80A6-A11CAF522E6F} = {1EF864A1-9B49-437D-8AA5-A89FAF41BA4E}
		{C5F80730-F44F-4478-BDAE-6634EFC2CA88} = {1EF864A1-9B49-437D-8AA5-A89FAF41BA4E}
		{D96491AD-8BC2-4A76-BA3C-DFFA3FB802C2} = {1EF864A1-9B49-437D-8AA5-A89FAF41BA4E}
		{A3DA9509-F296-431D-B0CA-0C3215723B19} = {1EF864A1-9B49-437D-8AA5-A89FAF41BA4E}
		{5C27B627-F048-4628-AB26-BB51F9038DD1} = {1EF864A1-9B49-437D-8AA5-A89FAF41BA4E}
	EndGlobalSection
EndGlobal
